
Microsoft Visual Studio Solution File, Format Version 12.00
# Visual Studio Version 17
VisualStudioVersion = 17.14.36414.22 d17.14
MinimumVisualStudioVersion = 10.0.40219.1
Project("{FAE04EC0-301F-11D3-BF4B-00C04F79EFBC}") = "Projects directory", "Projects directory\Projects directory.csproj", "{6EB1D44E-6F0A-4683-85E6-9BC94CB72C16}"
EndProject
Global
	GlobalSection(SolutionConfigurationPlatforms) = preSolution
		Debug|Any CPU = Debug|Any CPU
		Release|Any CPU = Release|Any CPU
	EndGlobalSection
	GlobalSection(ProjectConfigurationPlatforms) = postSolution
		{6EB1D44E-6F0A-4683-85E6-9BC94CB72C16}.Debug|Any CPU.ActiveCfg = Debug|Any CPU
		{6EB1D44E-6F0A-4683-85E6-9BC94CB72C16}.Debug|Any CPU.Build.0 = Debug|Any CPU
		{6EB1D44E-6F0A-4683-85E6-9BC94CB72C16}.Release|Any CPU.ActiveCfg = Release|Any CPU
		{6EB1D44E-6F0A-4683-85E6-9BC94CB72C16}.Release|Any CPU.Build.0 = Release|Any CPU
	EndGlobalSection
	GlobalSection(SolutionProperties) = preSolution
		HideSolutionNode = FALSE
	EndGlobalSection
	GlobalSection(ExtensibilityGlobals) = postSolution
		SolutionGuid = {11E56FFE-6C08-4203-AE31-FE336B608980}
	EndGlobalSection
EndGlobal
